// !$*UTF8*$!
{
	archiveVersion = 1;
	classes = {
	};
	objectVersion = 56;
	objects = {

/* Begin PBXBuildFile section */
		4C1BDDD42AD3BC29008F2EA8 /* GymGeniusApp.swift in Sources */ = {isa = PBXBuildFile; fileRef = 4C1BDDD32AD3BC29008F2EA8 /* GymGeniusApp.swift */; };
		4C1BDDD62AD3BC29008F2EA8 /* MainTabView.swift in Sources */ = {isa = PBXBuildFile; fileRef = 4C1BDDD52AD3BC29008F2EA8 /* MainTabView.swift */; };
		4C1BDDD82AD3BC2A008F2EA8 /* Assets.xcassets in Resources */ = {isa = PBXBuildFile; fileRef = 4C1BDDD72AD3BC2A008F2EA8 /* Assets.xcassets */; };
		4C1BDDDB2AD3BC2A008F2EA8 /* Preview Assets.xcassets in Resources */ = {isa = PBXBuildFile; fileRef = 4C1BDDDA2AD3BC2A008F2EA8 /* Preview Assets.xcassets */; };
		4C1BDDE82AD3C267008F2EA8 /* TabBarItemViewModifier.swift in Sources */ = {isa = PBXBuildFile; fileRef = 4C1BDDE72AD3C267008F2EA8 /* TabBarItemViewModifier.swift */; };
		4C1BDDEC2AD3C76F008F2EA8 /* MeasurementTabView.swift in Sources */ = {isa = PBXBuildFile; fileRef = 4C1BDDEB2AD3C76F008F2EA8 /* MeasurementTabView.swift */; };
		4C1BDDEE2AD3D0B4008F2EA8 /* MeasurementViewRow.swift in Sources */ = {isa = PBXBuildFile; fileRef = 4C1BDDED2AD3D0B4008F2EA8 /* MeasurementViewRow.swift */; };
		4C1BDDF02AD3D29F008F2EA8 /* AddMeasurementView.swift in Sources */ = {isa = PBXBuildFile; fileRef = 4C1BDDEF2AD3D29F008F2EA8 /* AddMeasurementView.swift */; };
		4C1BDDF42AD3D665008F2EA8 /* MeasurementViewModel.swift in Sources */ = {isa = PBXBuildFile; fileRef = 4C1BDDF32AD3D665008F2EA8 /* MeasurementViewModel.swift */; };
		4C1BDDF82AD3D6C4008F2EA8 /* User.swift in Sources */ = {isa = PBXBuildFile; fileRef = 4C1BDDF72AD3D6C4008F2EA8 /* User.swift */; };
		4C1BDDFB2AD3E417008F2EA8 /* RowType.swift in Sources */ = {isa = PBXBuildFile; fileRef = 4C1BDDFA2AD3E417008F2EA8 /* RowType.swift */; };
		4C1BDDFF2AD3E7BE008F2EA8 /* MeasurementRow.swift in Sources */ = {isa = PBXBuildFile; fileRef = 4C1BDDFE2AD3E7BE008F2EA8 /* MeasurementRow.swift */; };
		4C1BDE022AD3EA51008F2EA8 /* Utilities.swift in Sources */ = {isa = PBXBuildFile; fileRef = 4C1BDE012AD3EA51008F2EA8 /* Utilities.swift */; };
/* End PBXBuildFile section */

/* Begin PBXFileReference section */
		4C1BDDD02AD3BC29008F2EA8 /* GymGenius.app */ = {isa = PBXFileReference; explicitFileType = wrapper.application; includeInIndex = 0; path = GymGenius.app; sourceTree = BUILT_PRODUCTS_DIR; };
		4C1BDDD32AD3BC29008F2EA8 /* GymGeniusApp.swift */ = {isa = PBXFileReference; lastKnownFileType = sourcecode.swift; path = GymGeniusApp.swift; sourceTree = "<group>"; };
		4C1BDDD52AD3BC29008F2EA8 /* MainTabView.swift */ = {isa = PBXFileReference; lastKnownFileType = sourcecode.swift; path = MainTabView.swift; sourceTree = "<group>"; };
		4C1BDDD72AD3BC2A008F2EA8 /* Assets.xcassets */ = {isa = PBXFileReference; lastKnownFileType = folder.assetcatalog; path = Assets.xcassets; sourceTree = "<group>"; };
		4C1BDDDA2AD3BC2A008F2EA8 /* Preview Assets.xcassets */ = {isa = PBXFileReference; lastKnownFileType = folder.assetcatalog; path = "Preview Assets.xcassets"; sourceTree = "<group>"; };
		4C1BDDE72AD3C267008F2EA8 /* TabBarItemViewModifier.swift */ = {isa = PBXFileReference; lastKnownFileType = sourcecode.swift; path = TabBarItemViewModifier.swift; sourceTree = "<group>"; };
		4C1BDDEB2AD3C76F008F2EA8 /* MeasurementTabView.swift */ = {isa = PBXFileReference; lastKnownFileType = sourcecode.swift; path = MeasurementTabView.swift; sourceTree = "<group>"; };
		4C1BDDED2AD3D0B4008F2EA8 /* MeasurementViewRow.swift */ = {isa = PBXFileReference; lastKnownFileType = sourcecode.swift; path = MeasurementViewRow.swift; sourceTree = "<group>"; };
		4C1BDDEF2AD3D29F008F2EA8 /* AddMeasurementView.swift */ = {isa = PBXFileReference; lastKnownFileType = sourcecode.swift; path = AddMeasurementView.swift; sourceTree = "<group>"; };
		4C1BDDF32AD3D665008F2EA8 /* MeasurementViewModel.swift */ = {isa = PBXFileReference; lastKnownFileType = sourcecode.swift; path = MeasurementViewModel.swift; sourceTree = "<group>"; };
		4C1BDDF72AD3D6C4008F2EA8 /* User.swift */ = {isa = PBXFileReference; lastKnownFileType = sourcecode.swift; path = User.swift; sourceTree = "<group>"; };
		4C1BDDFA2AD3E417008F2EA8 /* RowType.swift */ = {isa = PBXFileReference; lastKnownFileType = sourcecode.swift; path = RowType.swift; sourceTree = "<group>"; };
		4C1BDDFE2AD3E7BE008F2EA8 /* MeasurementRow.swift */ = {isa = PBXFileReference; lastKnownFileType = sourcecode.swift; path = MeasurementRow.swift; sourceTree = "<group>"; };
		4C1BDE012AD3EA51008F2EA8 /* Utilities.swift */ = {isa = PBXFileReference; lastKnownFileType = sourcecode.swift; path = Utilities.swift; sourceTree = "<group>"; };
/* End PBXFileReference section */

/* Begin PBXFrameworksBuildPhase section */
		4C1BDDCD2AD3BC29008F2EA8 /* Frameworks */ = {
			isa = PBXFrameworksBuildPhase;
			buildActionMask = 2147483647;
			files = (
			);
			runOnlyForDeploymentPostprocessing = 0;
		};
/* End PBXFrameworksBuildPhase section */

/* Begin PBXGroup section */
		4C1BDDC72AD3BC29008F2EA8 = {
			isa = PBXGroup;
			children = (
				4C1BDDD22AD3BC29008F2EA8 /* GymGenius */,
				4C1BDDD12AD3BC29008F2EA8 /* Products */,
			);
			sourceTree = "<group>";
		};
		4C1BDDD12AD3BC29008F2EA8 /* Products */ = {
			isa = PBXGroup;
			children = (
				4C1BDDD02AD3BC29008F2EA8 /* GymGenius.app */,
			);
			name = Products;
			sourceTree = "<group>";
		};
		4C1BDDD22AD3BC29008F2EA8 /* GymGenius */ = {
			isa = PBXGroup;
			children = (
				4C1BDDD32AD3BC29008F2EA8 /* GymGeniusApp.swift */,
				4C1BDDE12AD3BC34008F2EA8 /* Core */,
				4C1BDDD72AD3BC2A008F2EA8 /* Assets.xcassets */,
				4C1BDDD92AD3BC2A008F2EA8 /* Preview Content */,
			);
			path = GymGenius;
			sourceTree = "<group>";
		};
		4C1BDDD92AD3BC2A008F2EA8 /* Preview Content */ = {
			isa = PBXGroup;
			children = (
				4C1BDDDA2AD3BC2A008F2EA8 /* Preview Assets.xcassets */,
			);
			path = "Preview Content";
			sourceTree = "<group>";
		};
		4C1BDDE12AD3BC34008F2EA8 /* Core */ = {
			isa = PBXGroup;
			children = (
				4C1BDE002AD3EA33008F2EA8 /* Utilities */,
				4C1BDDF92AD3E401008F2EA8 /* CommonTypes */,
				4C1BDDE52AD3BC70008F2EA8 /* CommonComponents */,
				4C1BDDE42AD3BC69008F2EA8 /* Models */,
				4C1BDDE32AD3BC57008F2EA8 /* ViewModels */,
				4C1BDDE22AD3BC4B008F2EA8 /* Views */,
			);
			path = Core;
			sourceTree = "<group>";
		};
		4C1BDDE22AD3BC4B008F2EA8 /* Views */ = {
			isa = PBXGroup;
			children = (
				4C1BDDEA2AD3C74D008F2EA8 /* Measurement */,
				4C1BDDE92AD3C742008F2EA8 /* Home */,
			);
			path = Views;
			sourceTree = "<group>";
		};
		4C1BDDE32AD3BC57008F2EA8 /* ViewModels */ = {
			isa = PBXGroup;
			children = (
				4C1BDDF12AD3D645008F2EA8 /* Measurement */,
			);
			path = ViewModels;
			sourceTree = "<group>";
		};
		4C1BDDE42AD3BC69008F2EA8 /* Models */ = {
			isa = PBXGroup;
			children = (
				4C1BDDF52AD3D69F008F2EA8 /* Measurement */,
			);
			path = Models;
			sourceTree = "<group>";
		};
		4C1BDDE52AD3BC70008F2EA8 /* CommonComponents */ = {
			isa = PBXGroup;
			children = (
				4C1BDDE62AD3C24F008F2EA8 /* ViewModifier */,
			);
			path = CommonComponents;
			sourceTree = "<group>";
		};
		4C1BDDE62AD3C24F008F2EA8 /* ViewModifier */ = {
			isa = PBXGroup;
			children = (
				4C1BDDE72AD3C267008F2EA8 /* TabBarItemViewModifier.swift */,
			);
			path = ViewModifier;
			sourceTree = "<group>";
		};
		4C1BDDE92AD3C742008F2EA8 /* Home */ = {
			isa = PBXGroup;
			children = (
				4C1BDDD52AD3BC29008F2EA8 /* MainTabView.swift */,
			);
			path = Home;
			sourceTree = "<group>";
		};
		4C1BDDEA2AD3C74D008F2EA8 /* Measurement */ = {
			isa = PBXGroup;
			children = (
				4C1BDDEB2AD3C76F008F2EA8 /* MeasurementTabView.swift */,
				4C1BDDED2AD3D0B4008F2EA8 /* MeasurementViewRow.swift */,
				4C1BDDEF2AD3D29F008F2EA8 /* AddMeasurementView.swift */,
			);
			path = Measurement;
			sourceTree = "<group>";
		};
		4C1BDDF12AD3D645008F2EA8 /* Measurement */ = {
			isa = PBXGroup;
			children = (
				4C1BDDF32AD3D665008F2EA8 /* MeasurementViewModel.swift */,
			);
			path = Measurement;
			sourceTree = "<group>";
		};
		4C1BDDF52AD3D69F008F2EA8 /* Measurement */ = {
			isa = PBXGroup;
			children = (
				4C1BDDF72AD3D6C4008F2EA8 /* User.swift */,
				4C1BDDFE2AD3E7BE008F2EA8 /* MeasurementRow.swift */,
			);
			path = Measurement;
			sourceTree = "<group>";
		};
		4C1BDDF92AD3E401008F2EA8 /* CommonTypes */ = {
			isa = PBXGroup;
			children = (
				4C1BDDFA2AD3E417008F2EA8 /* RowType.swift */,
			);
			path = CommonTypes;
			sourceTree = "<group>";
		};
		4C1BDE002AD3EA33008F2EA8 /* Utilities */ = {
			isa = PBXGroup;
			children = (
				4C1BDE012AD3EA51008F2EA8 /* Utilities.swift */,
			);
			path = Utilities;
			sourceTree = "<group>";
		};
/* End PBXGroup section */

/* Begin PBXNativeTarget section */
		4C1BDDCF2AD3BC29008F2EA8 /* GymGenius */ = {
			isa = PBXNativeTarget;
			buildConfigurationList = 4C1BDDDE2AD3BC2A008F2EA8 /* Build configuration list for PBXNativeTarget "GymGenius" */;
			buildPhases = (
				4C1BDDCC2AD3BC29008F2EA8 /* Sources */,
				4C1BDDCD2AD3BC29008F2EA8 /* Frameworks */,
				4C1BDDCE2AD3BC29008F2EA8 /* Resources */,
			);
			buildRules = (
			);
			dependencies = (
			);
			name = GymGenius;
			productName = GymGenius;
			productReference = 4C1BDDD02AD3BC29008F2EA8 /* GymGenius.app */;
			productType = "com.apple.product-type.application";
		};
/* End PBXNativeTarget section */

/* Begin PBXProject section */
		4C1BDDC82AD3BC29008F2EA8 /* Project object */ = {
			isa = PBXProject;
			attributes = {
				BuildIndependentTargetsInParallel = 1;
				LastSwiftUpdateCheck = 1500;
				LastUpgradeCheck = 1500;
				TargetAttributes = {
					4C1BDDCF2AD3BC29008F2EA8 = {
						CreatedOnToolsVersion = 15.0;
					};
				};
			};
			buildConfigurationList = 4C1BDDCB2AD3BC29008F2EA8 /* Build configuration list for PBXProject "GymGenius" */;
			compatibilityVersion = "Xcode 14.0";
			developmentRegion = en;
			hasScannedForEncodings = 0;
			knownRegions = (
				en,
				Base,
			);
			mainGroup = 4C1BDDC72AD3BC29008F2EA8;
			productRefGroup = 4C1BDDD12AD3BC29008F2EA8 /* Products */;
			projectDirPath = "";
			projectRoot = "";
			targets = (
				4C1BDDCF2AD3BC29008F2EA8 /* GymGenius */,
			);
		};
/* End PBXProject section */

/* Begin PBXResourcesBuildPhase section */
		4C1BDDCE2AD3BC29008F2EA8 /* Resources */ = {
			isa = PBXResourcesBuildPhase;
			buildActionMask = 2147483647;
			files = (
				4C1BDDDB2AD3BC2A008F2EA8 /* Preview Assets.xcassets in Resources */,
				4C1BDDD82AD3BC2A008F2EA8 /* Assets.xcassets in Resources */,
			);
			runOnlyForDeploymentPostprocessing = 0;
		};
/* End PBXResourcesBuildPhase section */

/* Begin PBXSourcesBuildPhase section */
		4C1BDDCC2AD3BC29008F2EA8 /* Sources */ = {
			isa = PBXSourcesBuildPhase;
			buildActionMask = 2147483647;
			files = (
				4C1BDDEE2AD3D0B4008F2EA8 /* MeasurementViewRow.swift in Sources */,
				4C1BDDD62AD3BC29008F2EA8 /* MainTabView.swift in Sources */,
				4C1BDE022AD3EA51008F2EA8 /* Utilities.swift in Sources */,
				4C1BDDD42AD3BC29008F2EA8 /* GymGeniusApp.swift in Sources */,
				4C1BDDE82AD3C267008F2EA8 /* TabBarItemViewModifier.swift in Sources */,
				4C1BDDF82AD3D6C4008F2EA8 /* User.swift in Sources */,
				4C1BDDFB2AD3E417008F2EA8 /* RowType.swift in Sources */,
				4C1BDDEC2AD3C76F008F2EA8 /* MeasurementTabView.swift in Sources */,
				4C1BDDF02AD3D29F008F2EA8 /* AddMeasurementView.swift in Sources */,
				4C1BDDF42AD3D665008F2EA8 /* MeasurementViewModel.swift in Sources */,
				4C1BDDFF2AD3E7BE008F2EA8 /* MeasurementRow.swift in Sources */,
			);
			runOnlyForDeploymentPostprocessing = 0;
		};
/* End PBXSourcesBuildPhase section */

/* Begin XCBuildConfiguration section */
		4C1BDDDC2AD3BC2A008F2EA8 /* Debug */ = {
			isa = XCBuildConfiguration;
			buildSettings = {
				ALWAYS_SEARCH_USER_PATHS = NO;
				ASSETCATALOG_COMPILER_GENERATE_SWIFT_ASSET_SYMBOL_EXTENSIONS = YES;
				CLANG_ANALYZER_NONNULL = YES;
				CLANG_ANALYZER_NUMBER_OBJECT_CONVERSION = YES_AGGRESSIVE;
				CLANG_CXX_LANGUAGE_STANDARD = "gnu++20";
				CLANG_ENABLE_MODULES = YES;
				CLANG_ENABLE_OBJC_ARC = YES;
				CLANG_ENABLE_OBJC_WEAK = YES;
				CLANG_WARN_BLOCK_CAPTURE_AUTORELEASING = YES;
				CLANG_WARN_BOOL_CONVERSION = YES;
				CLANG_WARN_COMMA = YES;
				CLANG_WARN_CONSTANT_CONVERSION = YES;
				CLANG_WARN_DEPRECATED_OBJC_IMPLEMENTATIONS = YES;
				CLANG_WARN_DIRECT_OBJC_ISA_USAGE = YES_ERROR;
				CLANG_WARN_DOCUMENTATION_COMMENTS = YES;
				CLANG_WARN_EMPTY_BODY = YES;
				CLANG_WARN_ENUM_CONVERSION = YES;
				CLANG_WARN_INFINITE_RECURSION = YES;
				CLANG_WARN_INT_CONVERSION = YES;
				CLANG_WARN_NON_LITERAL_NULL_CONVERSION = YES;
				CLANG_WARN_OBJC_IMPLICIT_RETAIN_SELF = YES;
				CLANG_WARN_OBJC_LITERAL_CONVERSION = YES;
				CLANG_WARN_OBJC_ROOT_CLASS = YES_ERROR;
				CLANG_WARN_QUOTED_INCLUDE_IN_FRAMEWORK_HEADER = YES;
				CLANG_WARN_RANGE_LOOP_ANALYSIS = YES;
				CLANG_WARN_STRICT_PROTOTYPES = YES;
				CLANG_WARN_SUSPICIOUS_MOVE = YES;
				CLANG_WARN_UNGUARDED_AVAILABILITY = YES_AGGRESSIVE;
				CLANG_WARN_UNREACHABLE_CODE = YES;
				CLANG_WARN__DUPLICATE_METHOD_MATCH = YES;
				COPY_PHASE_STRIP = NO;
				DEBUG_INFORMATION_FORMAT = dwarf;
				ENABLE_STRICT_OBJC_MSGSEND = YES;
				ENABLE_TESTABILITY = YES;
				ENABLE_USER_SCRIPT_SANDBOXING = YES;
				GCC_C_LANGUAGE_STANDARD = gnu17;
				GCC_DYNAMIC_NO_PIC = NO;
				GCC_NO_COMMON_BLOCKS = YES;
				GCC_OPTIMIZATION_LEVEL = 0;
				GCC_PREPROCESSOR_DEFINITIONS = (
					"DEBUG=1",
					"$(inherited)",
				);
				GCC_WARN_64_TO_32_BIT_CONVERSION = YES;
				GCC_WARN_ABOUT_RETURN_TYPE = YES_ERROR;
				GCC_WARN_UNDECLARED_SELECTOR = YES;
				GCC_WARN_UNINITIALIZED_AUTOS = YES_AGGRESSIVE;
				GCC_WARN_UNUSED_FUNCTION = YES;
				GCC_WARN_UNUSED_VARIABLE = YES;
				IPHONEOS_DEPLOYMENT_TARGET = 17.0;
				LOCALIZATION_PREFERS_STRING_CATALOGS = YES;
				MTL_ENABLE_DEBUG_INFO = INCLUDE_SOURCE;
				MTL_FAST_MATH = YES;
				ONLY_ACTIVE_ARCH = YES;
				SDKROOT = iphoneos;
				SWIFT_ACTIVE_COMPILATION_CONDITIONS = "DEBUG $(inherited)";
				SWIFT_OPTIMIZATION_LEVEL = "-Onone";
			};
			name = Debug;
		};
		4C1BDDDD2AD3BC2A008F2EA8 /* Release */ = {
			isa = XCBuildConfiguration;
			buildSettings = {
				ALWAYS_SEARCH_USER_PATHS = NO;
				ASSETCATALOG_COMPILER_GENERATE_SWIFT_ASSET_SYMBOL_EXTENSIONS = YES;
				CLANG_ANALYZER_NONNULL = YES;
				CLANG_ANALYZER_NUMBER_OBJECT_CONVERSION = YES_AGGRESSIVE;
				CLANG_CXX_LANGUAGE_STANDARD = "gnu++20";
				CLANG_ENABLE_MODULES = YES;
				CLANG_ENABLE_OBJC_ARC = YES;
				CLANG_ENABLE_OBJC_WEAK = YES;
				CLANG_WARN_BLOCK_CAPTURE_AUTORELEASING = YES;
				CLANG_WARN_BOOL_CONVERSION = YES;
				CLANG_WARN_COMMA = YES;
				CLANG_WARN_CONSTANT_CONVERSION = YES;
				CLANG_WARN_DEPRECATED_OBJC_IMPLEMENTATIONS = YES;
				CLANG_WARN_DIRECT_OBJC_ISA_USAGE = YES_ERROR;
				CLANG_WARN_DOCUMENTATION_COMMENTS = YES;
				CLANG_WARN_EMPTY_BODY = YES;
				CLANG_WARN_ENUM_CONVERSION = YES;
				CLANG_WARN_INFINITE_RECURSION = YES;
				CLANG_WARN_INT_CONVERSION = YES;
				CLANG_WARN_NON_LITERAL_NULL_CONVERSION = YES;
				CLANG_WARN_OBJC_IMPLICIT_RETAIN_SELF = YES;
				CLANG_WARN_OBJC_LITERAL_CONVERSION = YES;
				CLANG_WARN_OBJC_ROOT_CLASS = YES_ERROR;
				CLANG_WARN_QUOTED_INCLUDE_IN_FRAMEWORK_HEADER = YES;
				CLANG_WARN_RANGE_LOOP_ANALYSIS = YES;
				CLANG_WARN_STRICT_PROTOTYPES = YES;
				CLANG_WARN_SUSPICIOUS_MOVE = YES;
				CLANG_WARN_UNGUARDED_AVAILABILITY = YES_AGGRESSIVE;
				CLANG_WARN_UNREACHABLE_CODE = YES;
				CLANG_WARN__DUPLICATE_METHOD_MATCH = YES;
				COPY_PHASE_STRIP = NO;
				DEBUG_INFORMATION_FORMAT = "dwarf-with-dsym";
				ENABLE_NS_ASSERTIONS = NO;
				ENABLE_STRICT_OBJC_MSGSEND = YES;
				ENABLE_USER_SCRIPT_SANDBOXING = YES;
				GCC_C_LANGUAGE_STANDARD = gnu17;
				GCC_NO_COMMON_BLOCKS = YES;
				GCC_WARN_64_TO_32_BIT_CONVERSION = YES;
				GCC_WARN_ABOUT_RETURN_TYPE = YES_ERROR;
				GCC_WARN_UNDECLARED_SELECTOR = YES;
				GCC_WARN_UNINITIALIZED_AUTOS = YES_AGGRESSIVE;
				GCC_WARN_UNUSED_FUNCTION = YES;
				GCC_WARN_UNUSED_VARIABLE = YES;
				IPHONEOS_DEPLOYMENT_TARGET = 17.0;
				LOCALIZATION_PREFERS_STRING_CATALOGS = YES;
				MTL_ENABLE_DEBUG_INFO = NO;
				MTL_FAST_MATH = YES;
				SDKROOT = iphoneos;
				SWIFT_COMPILATION_MODE = wholemodule;
				VALIDATE_PRODUCT = YES;
			};
			name = Release;
		};
		4C1BDDDF2AD3BC2A008F2EA8 /* Debug */ = {
			isa = XCBuildConfiguration;
			buildSettings = {
				ASSETCATALOG_COMPILER_APPICON_NAME = AppIcon;
				ASSETCATALOG_COMPILER_GLOBAL_ACCENT_COLOR_NAME = AccentColor;
				CODE_SIGN_STYLE = Automatic;
				CURRENT_PROJECT_VERSION = 1;
				DEVELOPMENT_ASSET_PATHS = "\"GymGenius/Preview Content\"";
				DEVELOPMENT_TEAM = P4WXW6TMCC;
				ENABLE_PREVIEWS = YES;
				GENERATE_INFOPLIST_FILE = YES;
				INFOPLIST_KEY_UIApplicationSceneManifest_Generation = YES;
				INFOPLIST_KEY_UIApplicationSupportsIndirectInputEvents = YES;
				INFOPLIST_KEY_UILaunchScreen_Generation = YES;
				INFOPLIST_KEY_UISupportedInterfaceOrientations = UIInterfaceOrientationPortrait;
				INFOPLIST_KEY_UISupportedInterfaceOrientations_iPad = "UIInterfaceOrientationLandscapeLeft UIInterfaceOrientationLandscapeRight UIInterfaceOrientationPortrait UIInterfaceOrientationPortraitUpsideDown";
				IPHONEOS_DEPLOYMENT_TARGET = 16.0;
				LD_RUNPATH_SEARCH_PATHS = (
					"$(inherited)",
					"@executable_path/Frameworks",
				);
				MARKETING_VERSION = 1.0;
				PRODUCT_BUNDLE_IDENTIFIER = ibhasin.GymGenius;
				PRODUCT_NAME = "$(TARGET_NAME)";
				SUPPORTED_PLATFORMS = "iphoneos iphonesimulator";
				SUPPORTS_MACCATALYST = NO;
				SUPPORTS_MAC_DESIGNED_FOR_IPHONE_IPAD = NO;
				SWIFT_EMIT_LOC_STRINGS = YES;
				SWIFT_VERSION = 5.0;
				TARGETED_DEVICE_FAMILY = 1;
			};
			name = Debug;
		};
		4C1BDDE02AD3BC2A008F2EA8 /* Release */ = {
			isa = XCBuildConfiguration;
			buildSettings = {
				ASSETCATALOG_COMPILER_APPICON_NAME = AppIcon;
				ASSETCATALOG_COMPILER_GLOBAL_ACCENT_COLOR_NAME = AccentColor;
				CODE_SIGN_STYLE = Automatic;
				CURRENT_PROJECT_VERSION = 1;
				DEVELOPMENT_ASSET_PATHS = "\"GymGenius/Preview Content\"";
				DEVELOPMENT_TEAM = P4WXW6TMCC;
				ENABLE_PREVIEWS = YES;
				GENERATE_INFOPLIST_FILE = YES;
				INFOPLIST_KEY_UIApplicationSceneManifest_Generation = YES;
				INFOPLIST_KEY_UIApplicationSupportsIndirectInputEvents = YES;
				INFOPLIST_KEY_UILaunchScreen_Generation = YES;
				INFOPLIST_KEY_UISupportedInterfaceOrientations = UIInterfaceOrientationPortrait;
				INFOPLIST_KEY_UISupportedInterfaceOrientations_iPad = "UIInterfaceOrientationLandscapeLeft UIInterfaceOrientationLandscapeRight UIInterfaceOrientationPortrait UIInterfaceOrientationPortraitUpsideDown";
				IPHONEOS_DEPLOYMENT_TARGET = 16.0;
				LD_RUNPATH_SEARCH_PATHS = (
					"$(inherited)",
					"@executable_path/Frameworks",
				);
				MARKETING_VERSION = 1.0;
				PRODUCT_BUNDLE_IDENTIFIER = ibhasin.GymGenius;
				PRODUCT_NAME = "$(TARGET_NAME)";
				SUPPORTED_PLATFORMS = "iphoneos iphonesimulator";
				SUPPORTS_MACCATALYST = NO;
				SUPPORTS_MAC_DESIGNED_FOR_IPHONE_IPAD = NO;
				SWIFT_EMIT_LOC_STRINGS = YES;
				SWIFT_VERSION = 5.0;
				TARGETED_DEVICE_FAMILY = 1;
			};
			name = Release;
		};
/* End XCBuildConfiguration section */

/* Begin XCConfigurationList section */
		4C1BDDCB2AD3BC29008F2EA8 /* Build configuration list for PBXProject "GymGenius" */ = {
			isa = XCConfigurationList;
			buildConfigurations = (
				4C1BDDDC2AD3BC2A008F2EA8 /* Debug */,
				4C1BDDDD2AD3BC2A008F2EA8 /* Release */,
			);
			defaultConfigurationIsVisible = 0;
			defaultConfigurationName = Release;
		};
		4C1BDDDE2AD3BC2A008F2EA8 /* Build configuration list for PBXNativeTarget "GymGenius" */ = {
			isa = XCConfigurationList;
			buildConfigurations = (
				4C1BDDDF2AD3BC2A008F2EA8 /* Debug */,
				4C1BDDE02AD3BC2A008F2EA8 /* Release */,
			);
			defaultConfigurationIsVisible = 0;
			defaultConfigurationName = Release;
		};
/* End XCConfigurationList section */
	};
	rootObject = 4C1BDDC82AD3BC29008F2EA8 /* Project object */;
}
